// !$*UTF8*$!
{
	archiveVersion = 1;
	classes = {
	};
	objectVersion = 50;
	objects = {

/* Begin PBXBuildFile section */
		6E448084251786C000B848AD /* ResultViewController.swift in Sources */ = {isa = PBXBuildFile; fileRef = 6E448083251786C000B848AD /* ResultViewController.swift */; };
		F7D3437C25175F6A000A1AAB /* AppDelegate.swift in Sources */ = {isa = PBXBuildFile; fileRef = F7D3437B25175F6A000A1AAB /* AppDelegate.swift */; };
		F7D3437E25175F6A000A1AAB /* SceneDelegate.swift in Sources */ = {isa = PBXBuildFile; fileRef = F7D3437D25175F6A000A1AAB /* SceneDelegate.swift */; };
		F7D3438025175F6A000A1AAB /* ViewController.swift in Sources */ = {isa = PBXBuildFile; fileRef = F7D3437F25175F6A000A1AAB /* ViewController.swift */; };
		F7D3438325175F6A000A1AAB /* Main.storyboard in Resources */ = {isa = PBXBuildFile; fileRef = F7D3438125175F6A000A1AAB /* Main.storyboard */; };
		F7D3438525175F6B000A1AAB /* Assets.xcassets in Resources */ = {isa = PBXBuildFile; fileRef = F7D3438425175F6B000A1AAB /* Assets.xcassets */; };
		F7D3438825175F6B000A1AAB /* LaunchScreen.storyboard in Resources */ = {isa = PBXBuildFile; fileRef = F7D3438625175F6B000A1AAB /* LaunchScreen.storyboard */; };
/* End PBXBuildFile section */

/* Begin PBXFileReference section */
		6E448083251786C000B848AD /* ResultViewController.swift */ = {isa = PBXFileReference; lastKnownFileType = sourcecode.swift; path = ResultViewController.swift; sourceTree = "<group>"; };
		F7D3437825175F6A000A1AAB /* ラーメン最終課題.app */ = {isa = PBXFileReference; explicitFileType = wrapper.application; includeInIndex = 0; path = "ラーメン最終課題.app"; sourceTree = BUILT_PRODUCTS_DIR; };
		F7D3437B25175F6A000A1AAB /* AppDelegate.swift */ = {isa = PBXFileReference; lastKnownFileType = sourcecode.swift; path = AppDelegate.swift; sourceTree = "<group>"; };
		F7D3437D25175F6A000A1AAB /* SceneDelegate.swift */ = {isa = PBXFileReference; lastKnownFileType = sourcecode.swift; path = SceneDelegate.swift; sourceTree = "<group>"; };
		F7D3437F25175F6A000A1AAB /* ViewController.swift */ = {isa = PBXFileReference; lastKnownFileType = sourcecode.swift; path = ViewController.swift; sourceTree = "<group>"; };
		F7D3438225175F6A000A1AAB /* Base */ = {isa = PBXFileReference; lastKnownFileType = file.storyboard; name = Base; path = Base.lproj/Main.storyboard; sourceTree = "<group>"; };
		F7D3438425175F6B000A1AAB /* Assets.xcassets */ = {isa = PBXFileReference; lastKnownFileType = folder.assetcatalog; path = Assets.xcassets; sourceTree = "<group>"; };
		F7D3438725175F6B000A1AAB /* Base */ = {isa = PBXFileReference; lastKnownFileType = file.storyboard; name = Base; path = Base.lproj/LaunchScreen.storyboard; sourceTree = "<group>"; };
		F7D3438925175F6B000A1AAB /* Info.plist */ = {isa = PBXFileReference; lastKnownFileType = text.plist.xml; path = Info.plist; sourceTree = "<group>"; };
/* End PBXFileReference section */

/* Begin PBXFrameworksBuildPhase section */
		F7D3437525175F6A000A1AAB /* Frameworks */ = {
			isa = PBXFrameworksBuildPhase;
			buildActionMask = 2147483647;
			files = (
			);
			runOnlyForDeploymentPostprocessing = 0;
		};
/* End PBXFrameworksBuildPhase section */

/* Begin PBXGroup section */
		F7D3436F25175F6A000A1AAB = {
			isa = PBXGroup;
			children = (
				F7D3437A25175F6A000A1AAB /* ラーメン最終課題 */,
				F7D3437925175F6A000A1AAB /* Products */,
			);
			sourceTree = "<group>";
		};
		F7D3437925175F6A000A1AAB /* Products */ = {
			isa = PBXGroup;
			children = (
				F7D3437825175F6A000A1AAB /* ラーメン最終課題.app */,
			);
			name = Products;
			sourceTree = "<group>";
		};
		F7D3437A25175F6A000A1AAB /* ラーメン最終課題 */ = {
			isa = PBXGroup;
			children = (
				F7D3437B25175F6A000A1AAB /* AppDelegate.swift */,
				F7D3437D25175F6A000A1AAB /* SceneDelegate.swift */,
				F7D3437F25175F6A000A1AAB /* ViewController.swift */,
				6E448083251786C000B848AD /* ResultViewController.swift */,
				F7D3438125175F6A000A1AAB /* Main.storyboard */,
				F7D3438425175F6B000A1AAB /* Assets.xcassets */,
				F7D3438625175F6B000A1AAB /* LaunchScreen.storyboard */,
				F7D3438925175F6B000A1AAB /* Info.plist */,
			);
			path = "ラーメン最終課題";
			sourceTree = "<group>";
		};
/* End PBXGroup section */

/* Begin PBXNativeTarget section */
		F7D3437725175F6A000A1AAB /* ラーメン最終課題 */ = {
			isa = PBXNativeTarget;
			buildConfigurationList = F7D3438C25175F6B000A1AAB /* Build configuration list for PBXNativeTarget "ラーメン最終課題" */;
			buildPhases = (
				F7D3437425175F6A000A1AAB /* Sources */,
				F7D3437525175F6A000A1AAB /* Frameworks */,
				F7D3437625175F6A000A1AAB /* Resources */,
			);
			buildRules = (
			);
			dependencies = (
			);
			name = "ラーメン最終課題";
			productName = "ラーメン最終課題";
			productReference = F7D3437825175F6A000A1AAB /* ラーメン最終課題.app */;
			productType = "com.apple.product-type.application";
		};
/* End PBXNativeTarget section */

/* Begin PBXProject section */
		F7D3437025175F6A000A1AAB /* Project object */ = {
			isa = PBXProject;
			attributes = {
				LastSwiftUpdateCheck = 1170;
				LastUpgradeCheck = 1170;
				ORGANIZATIONNAME = kaneko.com;
				TargetAttributes = {
					F7D3437725175F6A000A1AAB = {
						CreatedOnToolsVersion = 11.7;
					};
				};
			};
			buildConfigurationList = F7D3437325175F6A000A1AAB /* Build configuration list for PBXProject "ラーメン最終課題" */;
			compatibilityVersion = "Xcode 9.3";
			developmentRegion = en;
			hasScannedForEncodings = 0;
			knownRegions = (
				en,
				Base,
			);
			mainGroup = F7D3436F25175F6A000A1AAB;
			productRefGroup = F7D3437925175F6A000A1AAB /* Products */;
			projectDirPath = "";
			projectRoot = "";
			targets = (
				F7D3437725175F6A000A1AAB /* ラーメン最終課題 */,
			);
		};
/* End PBXProject section */

/* Begin PBXResourcesBuildPhase section */
		F7D3437625175F6A000A1AAB /* Resources */ = {
			isa = PBXResourcesBuildPhase;
			buildActionMask = 2147483647;
			files = (
				F7D3438825175F6B000A1AAB /* LaunchScreen.storyboard in Resources */,
				F7D3438525175F6B000A1AAB /* Assets.xcassets in Resources */,
				F7D3438325175F6A000A1AAB /* Main.storyboard in Resources */,
			);
			runOnlyForDeploymentPostprocessing = 0;
		};
/* End PBXResourcesBuildPhase section */

/* Begin PBXSourcesBuildPhase section */
		F7D3437425175F6A000A1AAB /* Sources */ = {
			isa = PBXSourcesBuildPhase;
			buildActionMask = 2147483647;
			files = (
				F7D3438025175F6A000A1AAB /* ViewController.swift in Sources */,
				F7D3437C25175F6A000A1AAB /* AppDelegate.swift in Sources */,
				F7D3437E25175F6A000A1AAB /* SceneDelegate.swift in Sources */,
				6E448084251786C000B848AD /* ResultViewController.swift in Sources */,
			);
			runOnlyForDeploymentPostprocessing = 0;
		};
/* End PBXSourcesBuildPhase section */

/* Begin PBXVariantGroup section */
		F7D3438125175F6A000A1AAB /* Main.storyboard */ = {
			isa = PBXVariantGroup;
			children = (
				F7D3438225175F6A000A1AAB /* Base */,
			);
			name = Main.storyboard;
			sourceTree = "<group>";
		};
		F7D3438625175F6B000A1AAB /* LaunchScreen.storyboard */ = {
			isa = PBXVariantGroup;
			children = (
				F7D3438725175F6B000A1AAB /* Base */,
			);
			name = LaunchScreen.storyboard;
			sourceTree = "<group>";
		};
/* End PBXVariantGroup section */

/* Begin XCBuildConfiguration section */
		F7D3438A25175F6B000A1AAB /* Debug */ = {
			isa = XCBuildConfiguration;
			buildSettings = {
				ALWAYS_SEARCH_USER_PATHS = NO;
				CLANG_ANALYZER_NONNULL = YES;
				CLANG_ANALYZER_NUMBER_OBJECT_CONVERSION = YES_AGGRESSIVE;
				CLANG_CXX_LANGUAGE_STANDARD = "gnu++14";
				CLANG_CXX_LIBRARY = "libc++";
				CLANG_ENABLE_MODULES = YES;
				CLANG_ENABLE_OBJC_ARC = YES;
				CLANG_ENABLE_OBJC_WEAK = YES;
				CLANG_WARN_BLOCK_CAPTURE_AUTORELEASING = YES;
				CLANG_WARN_BOOL_CONVERSION = YES;
				CLANG_WARN_COMMA = YES;
				CLANG_WARN_CONSTANT_CONVERSION = YES;
				CLANG_WARN_DEPRECATED_OBJC_IMPLEMENTATIONS = YES;
				CLANG_WARN_DIRECT_OBJC_ISA_USAGE = YES_ERROR;
				CLANG_WARN_DOCUMENTATION_COMMENTS = YES;
				CLANG_WARN_EMPTY_BODY = YES;
				CLANG_WARN_ENUM_CONVERSION = YES;
				CLANG_WARN_INFINITE_RECURSION = YES;
				CLANG_WARN_INT_CONVERSION = YES;
				CLANG_WARN_NON_LITERAL_NULL_CONVERSION = YES;
				CLANG_WARN_OBJC_IMPLICIT_RETAIN_SELF = YES;
				CLANG_WARN_OBJC_LITERAL_CONVERSION = YES;
				CLANG_WARN_OBJC_ROOT_CLASS = YES_ERROR;
				CLANG_WARN_RANGE_LOOP_ANALYSIS = YES;
				CLANG_WARN_STRICT_PROTOTYPES = YES;
				CLANG_WARN_SUSPICIOUS_MOVE = YES;
				CLANG_WARN_UNGUARDED_AVAILABILITY = YES_AGGRESSIVE;
				CLANG_WARN_UNREACHABLE_CODE = YES;
				CLANG_WARN__DUPLICATE_METHOD_MATCH = YES;
				COPY_PHASE_STRIP = NO;
				DEBUG_INFORMATION_FORMAT = dwarf;
				ENABLE_STRICT_OBJC_MSGSEND = YES;
				ENABLE_TESTABILITY = YES;
				GCC_C_LANGUAGE_STANDARD = gnu11;
				GCC_DYNAMIC_NO_PIC = NO;
				GCC_NO_COMMON_BLOCKS = YES;
				GCC_OPTIMIZATION_LEVEL = 0;
				GCC_PREPROCESSOR_DEFINITIONS = (
					"DEBUG=1",
					"$(inherited)",
				);
				GCC_WARN_64_TO_32_BIT_CONVERSION = YES;
				GCC_WARN_ABOUT_RETURN_TYPE = YES_ERROR;
				GCC_WARN_UNDECLARED_SELECTOR = YES;
				GCC_WARN_UNINITIALIZED_AUTOS = YES_AGGRESSIVE;
				GCC_WARN_UNUSED_FUNCTION = YES;
				GCC_WARN_UNUSED_VARIABLE = YES;
				IPHONEOS_DEPLOYMENT_TARGET = 13.7;
				MTL_ENABLE_DEBUG_INFO = INCLUDE_SOURCE;
				MTL_FAST_MATH = YES;
				ONLY_ACTIVE_ARCH = YES;
				SDKROOT = iphoneos;
				SWIFT_ACTIVE_COMPILATION_CONDITIONS = DEBUG;
				SWIFT_OPTIMIZATION_LEVEL = "-Onone";
			};
			name = Debug;
		};
		F7D3438B25175F6B000A1AAB /* Release */ = {
			isa = XCBuildConfiguration;
			buildSettings = {
				ALWAYS_SEARCH_USER_PATHS = NO;
				CLANG_ANALYZER_NONNULL = YES;
				CLANG_ANALYZER_NUMBER_OBJECT_CONVERSION = YES_AGGRESSIVE;
				CLANG_CXX_LANGUAGE_STANDARD = "gnu++14";
				CLANG_CXX_LIBRARY = "libc++";
				CLANG_ENABLE_MODULES = YES;
				CLANG_ENABLE_OBJC_ARC = YES;
				CLANG_ENABLE_OBJC_WEAK = YES;
				CLANG_WARN_BLOCK_CAPTURE_AUTORELEASING = YES;
				CLANG_WARN_BOOL_CONVERSION = YES;
				CLANG_WARN_COMMA = YES;
				CLANG_WARN_CONSTANT_CONVERSION = YES;
				CLANG_WARN_DEPRECATED_OBJC_IMPLEMENTATIONS = YES;
				CLANG_WARN_DIRECT_OBJC_ISA_USAGE = YES_ERROR;
				CLANG_WARN_DOCUMENTATION_COMMENTS = YES;
				CLANG_WARN_EMPTY_BODY = YES;
				CLANG_WARN_ENUM_CONVERSION = YES;
				CLANG_WARN_INFINITE_RECURSION = YES;
				CLANG_WARN_INT_CONVERSION = YES;
				CLANG_WARN_NON_LITERAL_NULL_CONVERSION = YES;
				CLANG_WARN_OBJC_IMPLICIT_RETAIN_SELF = YES;
				CLANG_WARN_OBJC_LITERAL_CONVERSION = YES;
				CLANG_WARN_OBJC_ROOT_CLASS = YES_ERROR;
				CLANG_WARN_RANGE_LOOP_ANALYSIS = YES;
				CLANG_WARN_STRICT_PROTOTYPES = YES;
				CLANG_WARN_SUSPICIOUS_MOVE = YES;
				CLANG_WARN_UNGUARDED_AVAILABILITY = YES_AGGRESSIVE;
				CLANG_WARN_UNREACHABLE_CODE = YES;
				CLANG_WARN__DUPLICATE_METHOD_MATCH = YES;
				COPY_PHASE_STRIP = NO;
				DEBUG_INFORMATION_FORMAT = "dwarf-with-dsym";
				ENABLE_NS_ASSERTIONS = NO;
				ENABLE_STRICT_OBJC_MSGSEND = YES;
				GCC_C_LANGUAGE_STANDARD = gnu11;
				GCC_NO_COMMON_BLOCKS = YES;
				GCC_WARN_64_TO_32_BIT_CONVERSION = YES;
				GCC_WARN_ABOUT_RETURN_TYPE = YES_ERROR;
				GCC_WARN_UNDECLARED_SELECTOR = YES;
				GCC_WARN_UNINITIALIZED_AUTOS = YES_AGGRESSIVE;
				GCC_WARN_UNUSED_FUNCTION = YES;
				GCC_WARN_UNUSED_VARIABLE = YES;
				IPHONEOS_DEPLOYMENT_TARGET = 13.7;
				MTL_ENABLE_DEBUG_INFO = NO;
				MTL_FAST_MATH = YES;
				SDKROOT = iphoneos;
				SWIFT_COMPILATION_MODE = wholemodule;
				SWIFT_OPTIMIZATION_LEVEL = "-O";
				VALIDATE_PRODUCT = YES;
			};
			name = Release;
		};
		F7D3438D25175F6B000A1AAB /* Debug */ = {
			isa = XCBuildConfiguration;
			buildSettings = {
				ASSETCATALOG_COMPILER_APPICON_NAME = AppIcon;
				CODE_SIGN_STYLE = Automatic;
				DEVELOPMENT_TEAM = 5H9WQMB7P3;
				INFOPLIST_FILE = "ラーメン最終課題/Info.plist";
				LD_RUNPATH_SEARCH_PATHS = (
					"$(inherited)",
					"@executable_path/Frameworks",
				);
				PRODUCT_BUNDLE_IDENTIFIER = "com.kaneko.--------";
				PRODUCT_NAME = "ラーメン最終課題";
				SWIFT_VERSION = 5.0;
				TARGETED_DEVICE_FAMILY = "1,2";
			};
			name = Debug;
		};
		F7D3438E25175F6B000A1AAB /* Release */ = {
			isa = XCBuildConfiguration;
			buildSettings = {
				ASSETCATALOG_COMPILER_APPICON_NAME = AppIcon;
				CODE_SIGN_STYLE = Automatic;
				DEVELOPMENT_TEAM = 5H9WQMB7P3;
				INFOPLIST_FILE = "ラーメン最終課題/Info.plist";
				LD_RUNPATH_SEARCH_PATHS = (
					"$(inherited)",
					"@executable_path/Frameworks",
				);
				PRODUCT_BUNDLE_IDENTIFIER = "com.kaneko.--------";
				PRODUCT_NAME = "ラーメン最終課題";
				SWIFT_VERSION = 5.0;
				TARGETED_DEVICE_FAMILY = "1,2";
			};
			name = Release;
		};
/* End XCBuildConfiguration section */

/* Begin XCConfigurationList section */
		F7D3437325175F6A000A1AAB /* Build configuration list for PBXProject "ラーメン最終課題" */ = {
			isa = XCConfigurationList;
			buildConfigurations = (
				F7D3438A25175F6B000A1AAB /* Debug */,
				F7D3438B25175F6B000A1AAB /* Release */,
			);
			defaultConfigurationIsVisible = 0;
			defaultConfigurationName = Release;
		};
		F7D3438C25175F6B000A1AAB /* Build configuration list for PBXNativeTarget "ラーメン最終課題" */ = {
			isa = XCConfigurationList;
			buildConfigurations = (
				F7D3438D25175F6B000A1AAB /* Debug */,
				F7D3438E25175F6B000A1AAB /* Release */,
			);
			defaultConfigurationIsVisible = 0;
			defaultConfigurationName = Release;
		};
/* End XCConfigurationList section */
	};
	rootObject = F7D3437025175F6A000A1AAB /* Project object */;
}
